{
  "name": "thresh-lib",
  "version": "1.3.33",
  "lockfileVersion": 1,
  "requires": true,
  "dependencies": {
    "@types/node": {
      "version": "13.7.7",
      "resolved": "http://npm.ymmoa.com/@types%2fnode/-/node-13.7.7.tgz",
      "integrity": "sha1-FijmRhuozJtTGW3+rux7B/pu6pk=",
      "dev": true
    },
    "typescript": {
      "version": "4.1.3",
      "resolved": "http://npm.amh-group.com/typescript/-/typescript-4.1.3.tgz",
      "integrity": "sha1-UZ1YK9lMugz4k0x9joRn5HP1O7c=",
      "dev": true
    }
  }
}
