# THIS IS AN AUTOGENERATED FILE. DO NOT EDIT THIS FILE DIRECTLY.
# yarn lockfile v1


"@types/node@^13.1.1":
  version "13.13.36"
  resolved "https://registry.npmjs.org/@types/node/-/node-13.13.36.tgz#0c4d3c4e365396c84b1c595524e2faff7dd45b26"
  integrity sha512-ctzZJ+XsmHQwe3xp07gFUq4JxBaRSYzKHPgblR76//UanGST7vfFNF0+ty5eEbgTqsENopzoDK090xlha9dccQ==

typescript@^4.1.3:
  version "4.1.3"
  resolved "https://registry.npmjs.org/typescript/-/typescript-4.1.3.tgz#519d582bd94cba0cf8934c7d8e8467e473f53bb7"
  integrity sha512-B3ZIOf1IKeH2ixgHhj6la6xdwR9QrLC5d1VKeCSY4tvkqhF2eqd9O7txNlS0PO3GrBAFIdr3L1ndNwteUbZLYg==
